{
  "name": "books",
  "requires": true,
  "lockfileVersion": 1,
  "dependencies": {
    "@polymer/app-layout": {
      "version": "3.0.0-pre.12",
      "resolved": "https://registry.npmjs.org/@polymer/app-layout/-/app-layout-3.0.0-pre.12.tgz",
      "integrity": "sha512-7CIwcse7gXp33WKchW8tqjxhqBL2hZmE/kfQhafA4d7P6iRfDmXAV0JLrh4QFriKQMQnxZp7NG4ZsFE0JQqPJg==",
      "requires": {
        "@polymer/iron-flex-layout": "3.0.0-pre.12",
        "@polymer/iron-media-query": "3.0.0-pre.12",
        "@polymer/iron-resizable-behavior": "3.0.0-pre.12",
        "@polymer/iron-scroll-target-behavior": "3.0.0-pre.12",
        "@polymer/polymer": "3.0.0-pre.12"
      }
    },
    "@polymer/iron-flex-layout": {
      "version": "3.0.0-pre.12",
      "resolved": "https://registry.npmjs.org/@polymer/iron-flex-layout/-/iron-flex-layout-3.0.0-pre.12.tgz",
      "integrity": "sha512-JvctZ1K5TeRsoGMxVB1yBZYEWONQvyCdcmaoCB6gOJ9R5eq5ebAg2JPNSITAp9CTL2i08Af4tQER3AXzaKyi3A==",
      "requires": {
        "@polymer/polymer": "3.0.0-pre.12"
      }
    },
    "@polymer/iron-media-query": {
      "version": "3.0.0-pre.12",
      "resolved": "https://registry.npmjs.org/@polymer/iron-media-query/-/iron-media-query-3.0.0-pre.12.tgz",
      "integrity": "sha512-6Ei0NXrKI01wObWez0fTwBvMcC5nqD0uNKQKOOug9ufPKyCwUNIHM0OUrjShfkbMwoJXPL2jU3KHokuHZXLrMg==",
      "requires": {
        "@polymer/polymer": "3.0.0-pre.12"
      }
    },
    "@polymer/iron-resizable-behavior": {
      "version": "3.0.0-pre.12",
      "resolved": "https://registry.npmjs.org/@polymer/iron-resizable-behavior/-/iron-resizable-behavior-3.0.0-pre.12.tgz",
      "integrity": "sha512-ppZGXh//MVkWedjQtgOzBHiuoyTcKggnnMjVHxFsGdIu5kz9LVqB8uqYbN91yhjtLLUAkSIAo1DLhXpoK2x27w==",
      "requires": {
        "@polymer/polymer": "3.0.0-pre.12"
      }
    },
    "@polymer/iron-scroll-target-behavior": {
      "version": "3.0.0-pre.12",
      "resolved": "https://registry.npmjs.org/@polymer/iron-scroll-target-behavior/-/iron-scroll-target-behavior-3.0.0-pre.12.tgz",
      "integrity": "sha512-M+m/myMkARPxvCVj8CcLYIDaTBUEuZr5+3mTTRFY1N2pf8bt7mjEJ6lUpPAfe89+abSHXJMEXf1VjsVSXwDFSg==",
      "requires": {
        "@polymer/polymer": "3.0.0-pre.12"
      }
    },
    "@polymer/lit-element": {
      "version": "0.2.2",
      "resolved": "https://registry.npmjs.org/@polymer/lit-element/-/lit-element-0.2.2.tgz",
      "integrity": "sha512-SCEh/2lH+h36oZk4SNOe0yay4DPbxmJOeazkE91hEGDsKCNeqRARqgFl+dG/sGuZmMkRNlr/odP01n/W8cTOYg==",
      "requires": {
        "@polymer/polymer": "3.0.0-pre.12",
        "lit-html": "0.9.0"
      }
    },
    "@polymer/polymer": {
      "version": "3.0.0-pre.12",
      "resolved": "https://registry.npmjs.org/@polymer/polymer/-/polymer-3.0.0-pre.12.tgz",
      "integrity": "sha512-j3ie9DOtENLMR5pG8iyyrFF62lTnKrQCrMVlvgQF2q4qpUXFck0QUlE6gJJN/Zfi3br69mG5+F3mtwQb61OjOQ==",
      "requires": {
        "@webcomponents/shadycss": "1.1.2",
        "@webcomponents/webcomponentsjs": "1.1.1"
      }
    },
    "@webcomponents/shadycss": {
      "version": "1.1.2",
      "resolved": "https://registry.npmjs.org/@webcomponents/shadycss/-/shadycss-1.1.2.tgz",
      "integrity": "sha512-h6j9vIPGxuuRWNloJE7+al/VYiyujme8HXkp9Cm9ApzSSo0U8d48X4jXxR4S3u1t26Kuqx78fvPlqY8/JWowFg=="
    },
    "@webcomponents/webcomponentsjs": {
      "version": "1.1.1",
      "resolved": "https://registry.npmjs.org/@webcomponents/webcomponentsjs/-/webcomponentsjs-1.1.1.tgz",
      "integrity": "sha512-52hSn2KiOYf/O2LcKnh1xiSt3RfX8beY4tQylSSSBwJsr4oy9MLcnWrtbqur3Q5cRdcmEbwHhkYHFc7Sme7zmw=="
    },
    "js-tokens": {
      "version": "3.0.2",
      "resolved": "https://registry.npmjs.org/js-tokens/-/js-tokens-3.0.2.tgz",
      "integrity": "sha1-mGbfOVECEw449/mWvOtlRDIJwls="
    },
    "lit-html": {
      "version": "0.9.0",
      "resolved": "https://registry.npmjs.org/lit-html/-/lit-html-0.9.0.tgz",
      "integrity": "sha512-j0W8WNcf/VRsC+vxeZwgh4KfztQ2gqLF5a80G85qdffnKQ0yTC2IQpU3FRmFjRdRTezvszb1rGMm7jScMc2Mog=="
    },
    "lodash": {
      "version": "4.17.5",
      "resolved": "https://registry.npmjs.org/lodash/-/lodash-4.17.5.tgz",
      "integrity": "sha512-svL3uiZf1RwhH+cWrfZn3A4+U58wbP0tGVTLQPbjplZxZ8ROD9VLuNgsRniTlLe7OlSqR79RUehXgpBW/s0IQw=="
    },
    "lodash-es": {
      "version": "4.17.8",
      "resolved": "https://registry.npmjs.org/lodash-es/-/lodash-es-4.17.8.tgz",
      "integrity": "sha512-I9mjAxengFAleSThFhhAhvba6fsO0hunb9/0sQ6qQihSZsJRBofv2rYH58WXaOb/O++eUmYpCLywSQ22GfU+sA=="
    },
    "loose-envify": {
      "version": "1.3.1",
      "resolved": "https://registry.npmjs.org/loose-envify/-/loose-envify-1.3.1.tgz",
      "integrity": "sha1-0aitM/qc4OcT1l/dCsi3SNR4yEg=",
      "requires": {
        "js-tokens": "3.0.2"
      }
    },
    "pwa-helpers": {
      "version": "github:polymerlabs/pwa-helpers#44cf31ab510a660dd6be1532d6e3f67817ca8d77"
    },
    "redux": {
      "version": "3.7.2",
      "resolved": "https://registry.npmjs.org/redux/-/redux-3.7.2.tgz",
      "integrity": "sha512-pNqnf9q1hI5HHZRBkj3bAngGZW/JMCmexDlOxw4XagXY2o1327nHH54LoTjiPJ0gizoqPDRqWyX/00g0hD6w+A==",
      "requires": {
        "lodash": "4.17.5",
        "lodash-es": "4.17.8",
        "loose-envify": "1.3.1",
        "symbol-observable": "1.2.0"
      }
    },
    "redux-thunk": {
      "version": "2.2.0",
      "resolved": "https://registry.npmjs.org/redux-thunk/-/redux-thunk-2.2.0.tgz",
      "integrity": "sha1-5hWhbha0ehmlFXZhM9Hj6Zt4UuU="
    },
    "reselect": {
      "version": "3.0.1",
      "resolved": "https://registry.npmjs.org/reselect/-/reselect-3.0.1.tgz",
      "integrity": "sha1-79qpjqdFEyTQkrKyFjpqHXqaIUc="
    },
    "symbol-observable": {
      "version": "1.2.0",
      "resolved": "https://registry.npmjs.org/symbol-observable/-/symbol-observable-1.2.0.tgz",
      "integrity": "sha512-e900nM8RRtGhlV36KGEU9k65K3mPb1WV70OdjfxlG2EAuM1noi/E/BaW/uMhL7bPEssK8QV57vN3esixjUvcXQ=="
    }
  }
}
